
Microsoft Visual Studio Solution File, Format Version 12.00
# Visual Studio Version 17
VisualStudioVersion = 17.8.34330.188
MinimumVisualStudioVersion = 10.0.40219.1
Project("{FAE04EC0-301F-11D3-BF4B-00C04F79EFBC}") = "ProjetoFinalEntra21", "ProjetoFinalEntra21\ProjetoFinalEntra21.csproj", "{A40BE529-D28C-4345-9B24-3125E2AD3E58}"
EndProject
Global
	GlobalSection(SolutionConfigurationPlatforms) = preSolution
		Debug|Any CPU = Debug|Any CPU
		Release|Any CPU = Release|Any CPU
	EndGlobalSection
	GlobalSection(ProjectConfigurationPlatforms) = postSolution
		{A40BE529-D28C-4345-9B24-3125E2AD3E58}.Debug|Any CPU.ActiveCfg = Debug|Any CPU
		{A40BE529-D28C-4345-9B24-3125E2AD3E58}.Debug|Any CPU.Build.0 = Debug|Any CPU
		{A40BE529-D28C-4345-9B24-3125E2AD3E58}.Release|Any CPU.ActiveCfg = Release|Any CPU
		{A40BE529-D28C-4345-9B24-3125E2AD3E58}.Release|Any CPU.Build.0 = Release|Any CPU
	EndGlobalSection
	GlobalSection(SolutionProperties) = preSolution
		HideSolutionNode = FALSE
	EndGlobalSection
	GlobalSection(ExtensibilityGlobals) = postSolution
		SolutionGuid = {01D10C87-ADD5-43D4-B82B-9172923B0F65}
	EndGlobalSection
EndGlobal
